
Microsoft Visual Studio Solution File, Format Version 12.00
# Visual Studio Version 16
VisualStudioVersion = 16.0.30804.86
MinimumVisualStudioVersion = 10.0.40219.1
Project("{FAE04EC0-301F-11D3-BF4B-00C04F79EFBC}") = "Workflow", "Workflow.csproj", "{00B6ED18-84FB-44F3-88C8-F91F4AC5DCB4}"
EndProject
Global
	GlobalSection(SolutionConfigurationPlatforms) = preSolution
		Debug|Any CPU = Debug|Any CPU
		Release|Any CPU = Release|Any CPU
	EndGlobalSection
	GlobalSection(ProjectConfigurationPlatforms) = postSolution
		{00B6ED18-84FB-44F3-88C8-F91F4AC5DCB4}.Debug|Any CPU.ActiveCfg = Debug|Any CPU
		{00B6ED18-84FB-44F3-88C8-F91F4AC5DCB4}.Debug|Any CPU.Build.0 = Debug|Any CPU
		{00B6ED18-84FB-44F3-88C8-F91F4AC5DCB4}.Release|Any CPU.ActiveCfg = Release|Any CPU
		{00B6ED18-84FB-44F3-88C8-F91F4AC5DCB4}.Release|Any CPU.Build.0 = Release|Any CPU
	EndGlobalSection
	GlobalSection(SolutionProperties) = preSolution
		HideSolutionNode = FALSE
	EndGlobalSection
	GlobalSection(ExtensibilityGlobals) = postSolution
		SolutionGuid = {3A42B017-6D4C-46AC-9C04-4A2A8D54AC3C}
	EndGlobalSection
EndGlobal
